
Microsoft Visual Studio Solution File, Format Version 12.00
# Visual Studio Version 17
VisualStudioVersion = 17.2.32630.192
MinimumVisualStudioVersion = 10.0.40219.1
Project("{9A19103F-16F7-4668-BE54-9A1E7A4F7556}") = "GradeCalculator", "ConsoleApp1\GradeCalculator.csproj", "{AFA7FEC9-7B40-4326-AE13-9CBA2697A7B4}"
EndProject
Global
	GlobalSection(SolutionConfigurationPlatforms) = preSolution
		Debug|Any CPU = Debug|Any CPU
		Release|Any CPU = Release|Any CPU
	EndGlobalSection
	GlobalSection(ProjectConfigurationPlatforms) = postSolution
		{AFA7FEC9-7B40-4326-AE13-9CBA2697A7B4}.Debug|Any CPU.ActiveCfg = Debug|Any CPU
		{AFA7FEC9-7B40-4326-AE13-9CBA2697A7B4}.Debug|Any CPU.Build.0 = Debug|Any CPU
		{AFA7FEC9-7B40-4326-AE13-9CBA2697A7B4}.Release|Any CPU.ActiveCfg = Release|Any CPU
		{AFA7FEC9-7B40-4326-AE13-9CBA2697A7B4}.Release|Any CPU.Build.0 = Release|Any CPU
	EndGlobalSection
	GlobalSection(SolutionProperties) = preSolution
		HideSolutionNode = FALSE
	EndGlobalSection
	GlobalSection(ExtensibilityGlobals) = postSolution
		SolutionGuid = {23979093-DCD4-445E-A332-2D49E8F2941D}
	EndGlobalSection
EndGlobal
